
Microsoft Visual Studio Solution File, Format Version 12.00
# Visual Studio Version 17
VisualStudioVersion = 17.0.32112.339
MinimumVisualStudioVersion = 10.0.40219.1
Project("{9A19103F-16F7-4668-BE54-9A1E7A4F7556}") = "MusicServer", "MusicServer.csproj", "{B66E1C4B-FFCA-4559-8D9A-EEF0345D26AB}"
EndProject
Project("{9A19103F-16F7-4668-BE54-9A1E7A4F7556}") = "DataAccess", "..\DataAccess\DataAccess.csproj", "{EB72A191-F93B-41DD-AEDB-955A42A33370}"
EndProject
Project("{9A19103F-16F7-4668-BE54-9A1E7A4F7556}") = "MusicServer.Core", "..\MusicServer.Core\MusicServer.Core.csproj", "{51DDF54B-8AC9-4463-9979-F11C184DFBE3}"
EndProject
Project("{FAE04EC0-301F-11D3-BF4B-00C04F79EFBC}") = "MusicImporter", "..\MusicImporter\MusicImporter.csproj", "{0A115E44-D9C7-45D2-B48B-B19D3C7D793B}"
EndProject
Global
	GlobalSection(SolutionConfigurationPlatforms) = preSolution
		Debug|Any CPU = Debug|Any CPU
		Release|Any CPU = Release|Any CPU
	EndGlobalSection
	GlobalSection(ProjectConfigurationPlatforms) = postSolution
		{B66E1C4B-FFCA-4559-8D9A-EEF0345D26AB}.Debug|Any CPU.ActiveCfg = Debug|Any CPU
		{B66E1C4B-FFCA-4559-8D9A-EEF0345D26AB}.Debug|Any CPU.Build.0 = Debug|Any CPU
		{B66E1C4B-FFCA-4559-8D9A-EEF0345D26AB}.Release|Any CPU.ActiveCfg = Release|Any CPU
		{B66E1C4B-FFCA-4559-8D9A-EEF0345D26AB}.Release|Any CPU.Build.0 = Release|Any CPU
		{EB72A191-F93B-41DD-AEDB-955A42A33370}.Debug|Any CPU.ActiveCfg = Debug|Any CPU
		{EB72A191-F93B-41DD-AEDB-955A42A33370}.Debug|Any CPU.Build.0 = Debug|Any CPU
		{EB72A191-F93B-41DD-AEDB-955A42A33370}.Release|Any CPU.ActiveCfg = Release|Any CPU
		{EB72A191-F93B-41DD-AEDB-955A42A33370}.Release|Any CPU.Build.0 = Release|Any CPU
		{51DDF54B-8AC9-4463-9979-F11C184DFBE3}.Debug|Any CPU.ActiveCfg = Debug|Any CPU
		{51DDF54B-8AC9-4463-9979-F11C184DFBE3}.Debug|Any CPU.Build.0 = Debug|Any CPU
		{51DDF54B-8AC9-4463-9979-F11C184DFBE3}.Release|Any CPU.ActiveCfg = Release|Any CPU
		{51DDF54B-8AC9-4463-9979-F11C184DFBE3}.Release|Any CPU.Build.0 = Release|Any CPU
		{0A115E44-D9C7-45D2-B48B-B19D3C7D793B}.Debug|Any CPU.ActiveCfg = Debug|Any CPU
		{0A115E44-D9C7-45D2-B48B-B19D3C7D793B}.Debug|Any CPU.Build.0 = Debug|Any CPU
		{0A115E44-D9C7-45D2-B48B-B19D3C7D793B}.Release|Any CPU.ActiveCfg = Release|Any CPU
		{0A115E44-D9C7-45D2-B48B-B19D3C7D793B}.Release|Any CPU.Build.0 = Release|Any CPU
	EndGlobalSection
	GlobalSection(SolutionProperties) = preSolution
		HideSolutionNode = FALSE
	EndGlobalSection
	GlobalSection(ExtensibilityGlobals) = postSolution
		SolutionGuid = {8AFDF148-4373-405F-B3BD-14E1CC92168B}
	EndGlobalSection
EndGlobal
